
Microsoft Visual Studio Solution File, Format Version 12.00
# Visual Studio 15
VisualStudioVersion = 15.0.27703.2026
MinimumVisualStudioVersion = 10.0.40219.1
Project("{FAE04EC0-301F-11D3-BF4B-00C04F79EFBC}") = "drawboardPOS", "drawboardPOS\drawboardPOS.csproj", "{807C8C98-37E6-4D7E-BD49-5297CF698BCB}"
EndProject
Global
	GlobalSection(SolutionConfigurationPlatforms) = preSolution
		Debug|Any CPU = Debug|Any CPU
		Release|Any CPU = Release|Any CPU
	EndGlobalSection
	GlobalSection(ProjectConfigurationPlatforms) = postSolution
		{807C8C98-37E6-4D7E-BD49-5297CF698BCB}.Debug|Any CPU.ActiveCfg = Debug|Any CPU
		{807C8C98-37E6-4D7E-BD49-5297CF698BCB}.Debug|Any CPU.Build.0 = Debug|Any CPU
		{807C8C98-37E6-4D7E-BD49-5297CF698BCB}.Release|Any CPU.ActiveCfg = Release|Any CPU
		{807C8C98-37E6-4D7E-BD49-5297CF698BCB}.Release|Any CPU.Build.0 = Release|Any CPU
	EndGlobalSection
	GlobalSection(SolutionProperties) = preSolution
		HideSolutionNode = FALSE
	EndGlobalSection
	GlobalSection(ExtensibilityGlobals) = postSolution
		SolutionGuid = {E444459A-E166-4BA6-819A-992933732514}
	EndGlobalSection
EndGlobal
